{
  "requires": true,
  "lockfileVersion": 1,
  "dependencies": {
    "@icon-park/vue-next": {
      "version": "1.4.2",
      "resolved": "https://registry.npmjs.org/@icon-park/vue-next/-/vue-next-1.4.2.tgz",
      "integrity": "sha512-+QklF255wkfBOabY+xw6FAI0Bwln/RhdwCunNy/9sKdKuChtaU67QZqU67KGAvZUTeeBgsL+yaHHxqfQeGZXEQ=="
    }
  }
}
